
Microsoft Visual Studio Solution File, Format Version 12.00
# Visual Studio Version 17
VisualStudioVersion = 17.9.34728.123
MinimumVisualStudioVersion = 10.0.40219.1
Project("{FAE04EC0-301F-11D3-BF4B-00C04F79EFBC}") = "CookbookApplication", "CookbookApplication\CookbookApplication.csproj", "{B457FF69-FE7B-4795-B83C-8BBF918B2ECF}"
EndProject
Global
	GlobalSection(SolutionConfigurationPlatforms) = preSolution
		Debug|Any CPU = Debug|Any CPU
		Release|Any CPU = Release|Any CPU
	EndGlobalSection
	GlobalSection(ProjectConfigurationPlatforms) = postSolution
		{B457FF69-FE7B-4795-B83C-8BBF918B2ECF}.Debug|Any CPU.ActiveCfg = Debug|Any CPU
		{B457FF69-FE7B-4795-B83C-8BBF918B2ECF}.Debug|Any CPU.Build.0 = Debug|Any CPU
		{B457FF69-FE7B-4795-B83C-8BBF918B2ECF}.Release|Any CPU.ActiveCfg = Release|Any CPU
		{B457FF69-FE7B-4795-B83C-8BBF918B2ECF}.Release|Any CPU.Build.0 = Release|Any CPU
	EndGlobalSection
	GlobalSection(SolutionProperties) = preSolution
		HideSolutionNode = FALSE
	EndGlobalSection
	GlobalSection(ExtensibilityGlobals) = postSolution
		SolutionGuid = {696EE8BB-F7E5-4400-810F-3A6C4CAA9D3E}
	EndGlobalSection
EndGlobal
